
Microsoft Visual Studio Solution File, Format Version 12.00
# Visual Studio Version 16
VisualStudioVersion = 16.0.32106.194
MinimumVisualStudioVersion = 10.0.40219.1
Project("{FAE04EC0-301F-11D3-BF4B-00C04F79EFBC}") = "Business", "Business\Business.csproj", "{D633C386-10CD-460E-9E5A-81DC5CB94704}"
EndProject
Project("{FAE04EC0-301F-11D3-BF4B-00C04F79EFBC}") = "Core", "Core\Core.csproj", "{8638505B-D291-4242-B57A-EB80B4FD27F3}"
EndProject
Project("{FAE04EC0-301F-11D3-BF4B-00C04F79EFBC}") = "DataAccess", "DataAccess\DataAccess.csproj", "{3EC7782E-6250-4C3E-9FED-BCE9037A807E}"
EndProject
Project("{FAE04EC0-301F-11D3-BF4B-00C04F79EFBC}") = "Entities", "Entities\Entities.csproj", "{128DF7ED-A4FD-47F0-B707-CA16CD48232A}"
EndProject
Project("{FAE04EC0-301F-11D3-BF4B-00C04F79EFBC}") = "WebApi", "WebApi\WebApi.csproj", "{DC27DE55-CE04-4E10-A015-3BEF642BCBBD}"
EndProject
Global
	GlobalSection(SolutionConfigurationPlatforms) = preSolution
		Debug|Any CPU = Debug|Any CPU
		Release|Any CPU = Release|Any CPU
	EndGlobalSection
	GlobalSection(ProjectConfigurationPlatforms) = postSolution
		{D633C386-10CD-460E-9E5A-81DC5CB94704}.Debug|Any CPU.ActiveCfg = Debug|Any CPU
		{D633C386-10CD-460E-9E5A-81DC5CB94704}.Debug|Any CPU.Build.0 = Debug|Any CPU
		{D633C386-10CD-460E-9E5A-81DC5CB94704}.Release|Any CPU.ActiveCfg = Release|Any CPU
		{D633C386-10CD-460E-9E5A-81DC5CB94704}.Release|Any CPU.Build.0 = Release|Any CPU
		{8638505B-D291-4242-B57A-EB80B4FD27F3}.Debug|Any CPU.ActiveCfg = Debug|Any CPU
		{8638505B-D291-4242-B57A-EB80B4FD27F3}.Debug|Any CPU.Build.0 = Debug|Any CPU
		{8638505B-D291-4242-B57A-EB80B4FD27F3}.Release|Any CPU.ActiveCfg = Release|Any CPU
		{8638505B-D291-4242-B57A-EB80B4FD27F3}.Release|Any CPU.Build.0 = Release|Any CPU
		{3EC7782E-6250-4C3E-9FED-BCE9037A807E}.Debug|Any CPU.ActiveCfg = Debug|Any CPU
		{3EC7782E-6250-4C3E-9FED-BCE9037A807E}.Debug|Any CPU.Build.0 = Debug|Any CPU
		{3EC7782E-6250-4C3E-9FED-BCE9037A807E}.Release|Any CPU.ActiveCfg = Release|Any CPU
		{3EC7782E-6250-4C3E-9FED-BCE9037A807E}.Release|Any CPU.Build.0 = Release|Any CPU
		{128DF7ED-A4FD-47F0-B707-CA16CD48232A}.Debug|Any CPU.ActiveCfg = Debug|Any CPU
		{128DF7ED-A4FD-47F0-B707-CA16CD48232A}.Debug|Any CPU.Build.0 = Debug|Any CPU
		{128DF7ED-A4FD-47F0-B707-CA16CD48232A}.Release|Any CPU.ActiveCfg = Release|Any CPU
		{128DF7ED-A4FD-47F0-B707-CA16CD48232A}.Release|Any CPU.Build.0 = Release|Any CPU
		{DC27DE55-CE04-4E10-A015-3BEF642BCBBD}.Debug|Any CPU.ActiveCfg = Debug|Any CPU
		{DC27DE55-CE04-4E10-A015-3BEF642BCBBD}.Debug|Any CPU.Build.0 = Debug|Any CPU
		{DC27DE55-CE04-4E10-A015-3BEF642BCBBD}.Release|Any CPU.ActiveCfg = Release|Any CPU
		{DC27DE55-CE04-4E10-A015-3BEF642BCBBD}.Release|Any CPU.Build.0 = Release|Any CPU
	EndGlobalSection
	GlobalSection(SolutionProperties) = preSolution
		HideSolutionNode = FALSE
	EndGlobalSection
	GlobalSection(ExtensibilityGlobals) = postSolution
		SolutionGuid = {47477E9C-6D71-47BE-A88A-C2D6962EB7CC}
	EndGlobalSection
EndGlobal
